// !$*UTF8*$!
{
	archiveVersion = 1;
	classes = {
	};
	objectVersion = 77;
	objects = {

/* Begin PBXBuildFile section */
		F472DB4E2DCC917F002F5707 /* FirebaseAuth in Frameworks */ = {isa = PBXBuildFile; productRef = F472DB4D2DCC917F002F5707 /* FirebaseAuth */; };
		F472DB502DCC917F002F5707 /* FirebaseFirestore in Frameworks */ = {isa = PBXBuildFile; productRef = F472DB4F2DCC917F002F5707 /* FirebaseFirestore */; };
		F472DB522DCC917F002F5707 /* FirebaseStorage in Frameworks */ = {isa = PBXBuildFile; productRef = F472DB512DCC917F002F5707 /* FirebaseStorage */; };
		F472DB742DCC9ADE002F5707 /* FirebaseFirestoreCombine-Community in Frameworks */ = {isa = PBXBuildFile; productRef = F472DB732DCC9ADE002F5707 /* FirebaseFirestoreCombine-Community */; };
/* End PBXBuildFile section */

/* Begin PBXContainerItemProxy section */
		F472DB302DCC8E5E002F5707 /* PBXContainerItemProxy */ = {
			isa = PBXContainerItemProxy;
			containerPortal = F472DB172DCC8E5B002F5707 /* Project object */;
			proxyType = 1;
			remoteGlobalIDString = F472DB1E2DCC8E5B002F5707;
			remoteInfo = SCHE;
		};
		F472DB3A2DCC8E5E002F5707 /* PBXContainerItemProxy */ = {
			isa = PBXContainerItemProxy;
			containerPortal = F472DB172DCC8E5B002F5707 /* Project object */;
			proxyType = 1;
			remoteGlobalIDString = F472DB1E2DCC8E5B002F5707;
			remoteInfo = SCHE;
		};
/* End PBXContainerItemProxy section */

/* Begin PBXFileReference section */
		F472DB1F2DCC8E5B002F5707 /* SCHE.app */ = {isa = PBXFileReference; explicitFileType = wrapper.application; includeInIndex = 0; path = SCHE.app; sourceTree = BUILT_PRODUCTS_DIR; };
		F472DB2F2DCC8E5E002F5707 /* SCHETests.xctest */ = {isa = PBXFileReference; explicitFileType = wrapper.cfbundle; includeInIndex = 0; path = SCHETests.xctest; sourceTree = BUILT_PRODUCTS_DIR; };
		F472DB392DCC8E5E002F5707 /* SCHEUITests.xctest */ = {isa = PBXFileReference; explicitFileType = wrapper.cfbundle; includeInIndex = 0; path = SCHEUITests.xctest; sourceTree = BUILT_PRODUCTS_DIR; };
/* End PBXFileReference section */

/* Begin PBXFileSystemSynchronizedRootGroup section */
		F472DB212DCC8E5B002F5707 /* SCHE */ = {
			isa = PBXFileSystemSynchronizedRootGroup;
			path = SCHE;
			sourceTree = "<group>";
		};
		F472DB322DCC8E5E002F5707 /* SCHETests */ = {
			isa = PBXFileSystemSynchronizedRootGroup;
			path = SCHETests;
			sourceTree = "<group>";
		};
		F472DB3C2DCC8E5E002F5707 /* SCHEUITests */ = {
			isa = PBXFileSystemSynchronizedRootGroup;
			path = SCHEUITests;
			sourceTree = "<group>";
		};
/* End PBXFileSystemSynchronizedRootGroup section */

/* Begin PBXFrameworksBuildPhase section */
		F472DB1C2DCC8E5B002F5707 /* Frameworks */ = {
			isa = PBXFrameworksBuildPhase;
			buildActionMask = 2147483647;
			files = (
				F472DB4E2DCC917F002F5707 /* FirebaseAuth in Frameworks */,
				F472DB742DCC9ADE002F5707 /* FirebaseFirestoreCombine-Community in Frameworks */,
				F472DB502DCC917F002F5707 /* FirebaseFirestore in Frameworks */,
				F472DB522DCC917F002F5707 /* FirebaseStorage in Frameworks */,
			);
			runOnlyForDeploymentPostprocessing = 0;
		};
		F472DB2C2DCC8E5E002F5707 /* Frameworks */ = {
			isa = PBXFrameworksBuildPhase;
			buildActionMask = 2147483647;
			files = (
			);
			runOnlyForDeploymentPostprocessing = 0;
		};
		F472DB362DCC8E5E002F5707 /* Frameworks */ = {
			isa = PBXFrameworksBuildPhase;
			buildActionMask = 2147483647;
			files = (
			);
			runOnlyForDeploymentPostprocessing = 0;
		};
/* End PBXFrameworksBuildPhase section */

/* Begin PBXGroup section */
		F472DB162DCC8E5B002F5707 = {
			isa = PBXGroup;
			children = (
				F472DB212DCC8E5B002F5707 /* SCHE */,
				F472DB322DCC8E5E002F5707 /* SCHETests */,
				F472DB3C2DCC8E5E002F5707 /* SCHEUITests */,
				F472DB202DCC8E5B002F5707 /* Products */,
			);
			sourceTree = "<group>";
		};
		F472DB202DCC8E5B002F5707 /* Products */ = {
			isa = PBXGroup;
			children = (
				F472DB1F2DCC8E5B002F5707 /* SCHE.app */,
				F472DB2F2DCC8E5E002F5707 /* SCHETests.xctest */,
				F472DB392DCC8E5E002F5707 /* SCHEUITests.xctest */,
			);
			name = Products;
			sourceTree = "<group>";
		};
/* End PBXGroup section */

/* Begin PBXNativeTarget section */
		F472DB1E2DCC8E5B002F5707 /* SCHE */ = {
			isa = PBXNativeTarget;
			buildConfigurationList = F472DB432DCC8E5E002F5707 /* Build configuration list for PBXNativeTarget "SCHE" */;
			buildPhases = (
				F472DB1B2DCC8E5B002F5707 /* Sources */,
				F472DB1C2DCC8E5B002F5707 /* Frameworks */,
				F472DB1D2DCC8E5B002F5707 /* Resources */,
			);
			buildRules = (
			);
			dependencies = (
			);
			fileSystemSynchronizedGroups = (
				F472DB212DCC8E5B002F5707 /* SCHE */,
			);
			name = SCHE;
			packageProductDependencies = (
				F472DB4D2DCC917F002F5707 /* FirebaseAuth */,
				F472DB4F2DCC917F002F5707 /* FirebaseFirestore */,
				F472DB512DCC917F002F5707 /* FirebaseStorage */,
				F472DB732DCC9ADE002F5707 /* FirebaseFirestoreCombine-Community */,
			);
			productName = SCHE;
			productReference = F472DB1F2DCC8E5B002F5707 /* SCHE.app */;
			productType = "com.apple.product-type.application";
		};
		F472DB2E2DCC8E5E002F5707 /* SCHETests */ = {
			isa = PBXNativeTarget;
			buildConfigurationList = F472DB462DCC8E5E002F5707 /* Build configuration list for PBXNativeTarget "SCHETests" */;
			buildPhases = (
				F472DB2B2DCC8E5E002F5707 /* Sources */,
				F472DB2C2DCC8E5E002F5707 /* Frameworks */,
				F472DB2D2DCC8E5E002F5707 /* Resources */,
			);
			buildRules = (
			);
			dependencies = (
				F472DB312DCC8E5E002F5707 /* PBXTargetDependency */,
			);
			fileSystemSynchronizedGroups = (
				F472DB322DCC8E5E002F5707 /* SCHETests */,
			);
			name = SCHETests;
			packageProductDependencies = (
			);
			productName = SCHETests;
			productReference = F472DB2F2DCC8E5E002F5707 /* SCHETests.xctest */;
			productType = "com.apple.product-type.bundle.unit-test";
		};
		F472DB382DCC8E5E002F5707 /* SCHEUITests */ = {
			isa = PBXNativeTarget;
			buildConfigurationList = F472DB492DCC8E5E002F5707 /* Build configuration list for PBXNativeTarget "SCHEUITests" */;
			buildPhases = (
				F472DB352DCC8E5E002F5707 /* Sources */,
				F472DB362DCC8E5E002F5707 /* Frameworks */,
				F472DB372DCC8E5E002F5707 /* Resources */,
			);
			buildRules = (
			);
			dependencies = (
				F472DB3B2DCC8E5E002F5707 /* PBXTargetDependency */,
			);
			fileSystemSynchronizedGroups = (
				F472DB3C2DCC8E5E002F5707 /* SCHEUITests */,
			);
			name = SCHEUITests;
			packageProductDependencies = (
			);
			productName = SCHEUITests;
			productReference = F472DB392DCC8E5E002F5707 /* SCHEUITests.xctest */;
			productType = "com.apple.product-type.bundle.ui-testing";
		};
/* End PBXNativeTarget section */

/* Begin PBXProject section */
		F472DB172DCC8E5B002F5707 /* Project object */ = {
			isa = PBXProject;
			attributes = {
				BuildIndependentTargetsInParallel = 1;
				LastSwiftUpdateCheck = 1610;
				LastUpgradeCheck = 1610;
				TargetAttributes = {
					F472DB1E2DCC8E5B002F5707 = {
						CreatedOnToolsVersion = 16.1;
					};
					F472DB2E2DCC8E5E002F5707 = {
						CreatedOnToolsVersion = 16.1;
						TestTargetID = F472DB1E2DCC8E5B002F5707;
					};
					F472DB382DCC8E5E002F5707 = {
						CreatedOnToolsVersion = 16.1;
						TestTargetID = F472DB1E2DCC8E5B002F5707;
					};
				};
			};
			buildConfigurationList = F472DB1A2DCC8E5B002F5707 /* Build configuration list for PBXProject "SCHE" */;
			developmentRegion = en;
			hasScannedForEncodings = 0;
			knownRegions = (
				en,
				Base,
			);
			mainGroup = F472DB162DCC8E5B002F5707;
			minimizedProjectReferenceProxies = 1;
			packageReferences = (
				F472DB4C2DCC917F002F5707 /* XCRemoteSwiftPackageReference "firebase-ios-sdk" */,
			);
			preferredProjectObjectVersion = 77;
			productRefGroup = F472DB202DCC8E5B002F5707 /* Products */;
			projectDirPath = "";
			projectRoot = "";
			targets = (
				F472DB1E2DCC8E5B002F5707 /* SCHE */,
				F472DB2E2DCC8E5E002F5707 /* SCHETests */,
				F472DB382DCC8E5E002F5707 /* SCHEUITests */,
			);
		};
/* End PBXProject section */

/* Begin PBXResourcesBuildPhase section */
		F472DB1D2DCC8E5B002F5707 /* Resources */ = {
			isa = PBXResourcesBuildPhase;
			buildActionMask = 2147483647;
			files = (
			);
			runOnlyForDeploymentPostprocessing = 0;
		};
		F472DB2D2DCC8E5E002F5707 /* Resources */ = {
			isa = PBXResourcesBuildPhase;
			buildActionMask = 2147483647;
			files = (
			);
			runOnlyForDeploymentPostprocessing = 0;
		};
		F472DB372DCC8E5E002F5707 /* Resources */ = {
			isa = PBXResourcesBuildPhase;
			buildActionMask = 2147483647;
			files = (
			);
			runOnlyForDeploymentPostprocessing = 0;
		};
/* End PBXResourcesBuildPhase section */

/* Begin PBXSourcesBuildPhase section */
		F472DB1B2DCC8E5B002F5707 /* Sources */ = {
			isa = PBXSourcesBuildPhase;
			buildActionMask = 2147483647;
			files = (
			);
			runOnlyForDeploymentPostprocessing = 0;
		};
		F472DB2B2DCC8E5E002F5707 /* Sources */ = {
			isa = PBXSourcesBuildPhase;
			buildActionMask = 2147483647;
			files = (
			);
			runOnlyForDeploymentPostprocessing = 0;
		};
		F472DB352DCC8E5E002F5707 /* Sources */ = {
			isa = PBXSourcesBuildPhase;
			buildActionMask = 2147483647;
			files = (
			);
			runOnlyForDeploymentPostprocessing = 0;
		};
/* End PBXSourcesBuildPhase section */

/* Begin PBXTargetDependency section */
		F472DB312DCC8E5E002F5707 /* PBXTargetDependency */ = {
			isa = PBXTargetDependency;
			target = F472DB1E2DCC8E5B002F5707 /* SCHE */;
			targetProxy = F472DB302DCC8E5E002F5707 /* PBXContainerItemProxy */;
		};
		F472DB3B2DCC8E5E002F5707 /* PBXTargetDependency */ = {
			isa = PBXTargetDependency;
			target = F472DB1E2DCC8E5B002F5707 /* SCHE */;
			targetProxy = F472DB3A2DCC8E5E002F5707 /* PBXContainerItemProxy */;
		};
/* End PBXTargetDependency section */

/* Begin XCBuildConfiguration section */
		F472DB412DCC8E5E002F5707 /* Debug */ = {
			isa = XCBuildConfiguration;
			buildSettings = {
				ALWAYS_SEARCH_USER_PATHS = NO;
				ASSETCATALOG_COMPILER_GENERATE_SWIFT_ASSET_SYMBOL_EXTENSIONS = YES;
				CLANG_ANALYZER_NONNULL = YES;
				CLANG_ANALYZER_NUMBER_OBJECT_CONVERSION = YES_AGGRESSIVE;
				CLANG_CXX_LANGUAGE_STANDARD = "gnu++20";
				CLANG_ENABLE_MODULES = YES;
				CLANG_ENABLE_OBJC_ARC = YES;
				CLANG_ENABLE_OBJC_WEAK = YES;
				CLANG_WARN_BLOCK_CAPTURE_AUTORELEASING = YES;
				CLANG_WARN_BOOL_CONVERSION = YES;
				CLANG_WARN_COMMA = YES;
				CLANG_WARN_CONSTANT_CONVERSION = YES;
				CLANG_WARN_DEPRECATED_OBJC_IMPLEMENTATIONS = YES;
				CLANG_WARN_DIRECT_OBJC_ISA_USAGE = YES_ERROR;
				CLANG_WARN_DOCUMENTATION_COMMENTS = YES;
				CLANG_WARN_EMPTY_BODY = YES;
				CLANG_WARN_ENUM_CONVERSION = YES;
				CLANG_WARN_INFINITE_RECURSION = YES;
				CLANG_WARN_INT_CONVERSION = YES;
				CLANG_WARN_NON_LITERAL_NULL_CONVERSION = YES;
				CLANG_WARN_OBJC_IMPLICIT_RETAIN_SELF = YES;
				CLANG_WARN_OBJC_LITERAL_CONVERSION = YES;
				CLANG_WARN_OBJC_ROOT_CLASS = YES_ERROR;
				CLANG_WARN_QUOTED_INCLUDE_IN_FRAMEWORK_HEADER = YES;
				CLANG_WARN_RANGE_LOOP_ANALYSIS = YES;
				CLANG_WARN_STRICT_PROTOTYPES = YES;
				CLANG_WARN_SUSPICIOUS_MOVE = YES;
				CLANG_WARN_UNGUARDED_AVAILABILITY = YES_AGGRESSIVE;
				CLANG_WARN_UNREACHABLE_CODE = YES;
				CLANG_WARN__DUPLICATE_METHOD_MATCH = YES;
				COPY_PHASE_STRIP = NO;
				DEBUG_INFORMATION_FORMAT = dwarf;
				ENABLE_STRICT_OBJC_MSGSEND = YES;
				ENABLE_TESTABILITY = YES;
				ENABLE_USER_SCRIPT_SANDBOXING = YES;
				GCC_C_LANGUAGE_STANDARD = gnu17;
				GCC_DYNAMIC_NO_PIC = NO;
				GCC_NO_COMMON_BLOCKS = YES;
				GCC_OPTIMIZATION_LEVEL = 0;
				GCC_PREPROCESSOR_DEFINITIONS = (
					"DEBUG=1",
					"$(inherited)",
				);
				GCC_WARN_64_TO_32_BIT_CONVERSION = YES;
				GCC_WARN_ABOUT_RETURN_TYPE = YES_ERROR;
				GCC_WARN_UNDECLARED_SELECTOR = YES;
				GCC_WARN_UNINITIALIZED_AUTOS = YES_AGGRESSIVE;
				GCC_WARN_UNUSED_FUNCTION = YES;
				GCC_WARN_UNUSED_VARIABLE = YES;
				IPHONEOS_DEPLOYMENT_TARGET = 18.1;
				LOCALIZATION_PREFERS_STRING_CATALOGS = YES;
				MTL_ENABLE_DEBUG_INFO = INCLUDE_SOURCE;
				MTL_FAST_MATH = YES;
				ONLY_ACTIVE_ARCH = YES;
				SDKROOT = iphoneos;
				SWIFT_ACTIVE_COMPILATION_CONDITIONS = "DEBUG $(inherited)";
				SWIFT_OPTIMIZATION_LEVEL = "-Onone";
			};
			name = Debug;
		};
		F472DB422DCC8E5E002F5707 /* Release */ = {
			isa = XCBuildConfiguration;
			buildSettings = {
				ALWAYS_SEARCH_USER_PATHS = NO;
				ASSETCATALOG_COMPILER_GENERATE_SWIFT_ASSET_SYMBOL_EXTENSIONS = YES;
				CLANG_ANALYZER_NONNULL = YES;
				CLANG_ANALYZER_NUMBER_OBJECT_CONVERSION = YES_AGGRESSIVE;
				CLANG_CXX_LANGUAGE_STANDARD = "gnu++20";
				CLANG_ENABLE_MODULES = YES;
				CLANG_ENABLE_OBJC_ARC = YES;
				CLANG_ENABLE_OBJC_WEAK = YES;
				CLANG_WARN_BLOCK_CAPTURE_AUTORELEASING = YES;
				CLANG_WARN_BOOL_CONVERSION = YES;
				CLANG_WARN_COMMA = YES;
				CLANG_WARN_CONSTANT_CONVERSION = YES;
				CLANG_WARN_DEPRECATED_OBJC_IMPLEMENTATIONS = YES;
				CLANG_WARN_DIRECT_OBJC_ISA_USAGE = YES_ERROR;
				CLANG_WARN_DOCUMENTATION_COMMENTS = YES;
				CLANG_WARN_EMPTY_BODY = YES;
				CLANG_WARN_ENUM_CONVERSION = YES;
				CLANG_WARN_INFINITE_RECURSION = YES;
				CLANG_WARN_INT_CONVERSION = YES;
				CLANG_WARN_NON_LITERAL_NULL_CONVERSION = YES;
				CLANG_WARN_OBJC_IMPLICIT_RETAIN_SELF = YES;
				CLANG_WARN_OBJC_LITERAL_CONVERSION = YES;
				CLANG_WARN_OBJC_ROOT_CLASS = YES_ERROR;
				CLANG_WARN_QUOTED_INCLUDE_IN_FRAMEWORK_HEADER = YES;
				CLANG_WARN_RANGE_LOOP_ANALYSIS = YES;
				CLANG_WARN_STRICT_PROTOTYPES = YES;
				CLANG_WARN_SUSPICIOUS_MOVE = YES;
				CLANG_WARN_UNGUARDED_AVAILABILITY = YES_AGGRESSIVE;
				CLANG_WARN_UNREACHABLE_CODE = YES;
				CLANG_WARN__DUPLICATE_METHOD_MATCH = YES;
				COPY_PHASE_STRIP = NO;
				DEBUG_INFORMATION_FORMAT = "dwarf-with-dsym";
				ENABLE_NS_ASSERTIONS = NO;
				ENABLE_STRICT_OBJC_MSGSEND = YES;
				ENABLE_USER_SCRIPT_SANDBOXING = YES;
				GCC_C_LANGUAGE_STANDARD = gnu17;
				GCC_NO_COMMON_BLOCKS = YES;
				GCC_WARN_64_TO_32_BIT_CONVERSION = YES;
				GCC_WARN_ABOUT_RETURN_TYPE = YES_ERROR;
				GCC_WARN_UNDECLARED_SELECTOR = YES;
				GCC_WARN_UNINITIALIZED_AUTOS = YES_AGGRESSIVE;
				GCC_WARN_UNUSED_FUNCTION = YES;
				GCC_WARN_UNUSED_VARIABLE = YES;
				IPHONEOS_DEPLOYMENT_TARGET = 18.1;
				LOCALIZATION_PREFERS_STRING_CATALOGS = YES;
				MTL_ENABLE_DEBUG_INFO = NO;
				MTL_FAST_MATH = YES;
				SDKROOT = iphoneos;
				SWIFT_COMPILATION_MODE = wholemodule;
				VALIDATE_PRODUCT = YES;
			};
			name = Release;
		};
		F472DB442DCC8E5E002F5707 /* Debug */ = {
			isa = XCBuildConfiguration;
			buildSettings = {
				ASSETCATALOG_COMPILER_APPICON_NAME = AppIcon;
				ASSETCATALOG_COMPILER_GLOBAL_ACCENT_COLOR_NAME = AccentColor;
				CODE_SIGN_STYLE = Automatic;
				CURRENT_PROJECT_VERSION = 1;
				DEVELOPMENT_ASSET_PATHS = "\"SCHE/Preview Content\"";
				DEVELOPMENT_TEAM = "";
				ENABLE_PREVIEWS = YES;
				GENERATE_INFOPLIST_FILE = YES;
				INFOPLIST_KEY_UIApplicationSceneManifest_Generation = YES;
				INFOPLIST_KEY_UIApplicationSupportsIndirectInputEvents = YES;
				INFOPLIST_KEY_UILaunchScreen_Generation = YES;
				INFOPLIST_KEY_UISupportedInterfaceOrientations_iPad = "UIInterfaceOrientationPortrait UIInterfaceOrientationPortraitUpsideDown UIInterfaceOrientationLandscapeLeft UIInterfaceOrientationLandscapeRight";
				INFOPLIST_KEY_UISupportedInterfaceOrientations_iPhone = "UIInterfaceOrientationPortrait UIInterfaceOrientationLandscapeLeft UIInterfaceOrientationLandscapeRight";
				LD_RUNPATH_SEARCH_PATHS = (
					"$(inherited)",
					"@executable_path/Frameworks",
				);
				MARKETING_VERSION = 1.0;
				PRODUCT_BUNDLE_IDENTIFIER = com.SCHE.SCHE;
				PRODUCT_NAME = "$(TARGET_NAME)";
				SWIFT_EMIT_LOC_STRINGS = YES;
				SWIFT_VERSION = 5.0;
				TARGETED_DEVICE_FAMILY = "1,2";
			};
			name = Debug;
		};
		F472DB452DCC8E5E002F5707 /* Release */ = {
			isa = XCBuildConfiguration;
			buildSettings = {
				ASSETCATALOG_COMPILER_APPICON_NAME = AppIcon;
				ASSETCATALOG_COMPILER_GLOBAL_ACCENT_COLOR_NAME = AccentColor;
				CODE_SIGN_STYLE = Automatic;
				CURRENT_PROJECT_VERSION = 1;
				DEVELOPMENT_ASSET_PATHS = "\"SCHE/Preview Content\"";
				DEVELOPMENT_TEAM = "";
				ENABLE_PREVIEWS = YES;
				GENERATE_INFOPLIST_FILE = YES;
				INFOPLIST_KEY_UIApplicationSceneManifest_Generation = YES;
				INFOPLIST_KEY_UIApplicationSupportsIndirectInputEvents = YES;
				INFOPLIST_KEY_UILaunchScreen_Generation = YES;
				INFOPLIST_KEY_UISupportedInterfaceOrientations_iPad = "UIInterfaceOrientationPortrait UIInterfaceOrientationPortraitUpsideDown UIInterfaceOrientationLandscapeLeft UIInterfaceOrientationLandscapeRight";
				INFOPLIST_KEY_UISupportedInterfaceOrientations_iPhone = "UIInterfaceOrientationPortrait UIInterfaceOrientationLandscapeLeft UIInterfaceOrientationLandscapeRight";
				LD_RUNPATH_SEARCH_PATHS = (
					"$(inherited)",
					"@executable_path/Frameworks",
				);
				MARKETING_VERSION = 1.0;
				PRODUCT_BUNDLE_IDENTIFIER = com.SCHE.SCHE;
				PRODUCT_NAME = "$(TARGET_NAME)";
				SWIFT_EMIT_LOC_STRINGS = YES;
				SWIFT_VERSION = 5.0;
				TARGETED_DEVICE_FAMILY = "1,2";
			};
			name = Release;
		};
		F472DB472DCC8E5E002F5707 /* Debug */ = {
			isa = XCBuildConfiguration;
			buildSettings = {
				BUNDLE_LOADER = "$(TEST_HOST)";
				CODE_SIGN_STYLE = Automatic;
				CURRENT_PROJECT_VERSION = 1;
				GENERATE_INFOPLIST_FILE = YES;
				IPHONEOS_DEPLOYMENT_TARGET = 18.1;
				MARKETING_VERSION = 1.0;
				PRODUCT_BUNDLE_IDENTIFIER = com.SCHE.SCHETests;
				PRODUCT_NAME = "$(TARGET_NAME)";
				SWIFT_EMIT_LOC_STRINGS = NO;
				SWIFT_VERSION = 5.0;
				TARGETED_DEVICE_FAMILY = "1,2";
				TEST_HOST = "$(BUILT_PRODUCTS_DIR)/SCHE.app/$(BUNDLE_EXECUTABLE_FOLDER_PATH)/SCHE";
			};
			name = Debug;
		};
		F472DB482DCC8E5E002F5707 /* Release */ = {
			isa = XCBuildConfiguration;
			buildSettings = {
				BUNDLE_LOADER = "$(TEST_HOST)";
				CODE_SIGN_STYLE = Automatic;
				CURRENT_PROJECT_VERSION = 1;
				GENERATE_INFOPLIST_FILE = YES;
				IPHONEOS_DEPLOYMENT_TARGET = 18.1;
				MARKETING_VERSION = 1.0;
				PRODUCT_BUNDLE_IDENTIFIER = com.SCHE.SCHETests;
				PRODUCT_NAME = "$(TARGET_NAME)";
				SWIFT_EMIT_LOC_STRINGS = NO;
				SWIFT_VERSION = 5.0;
				TARGETED_DEVICE_FAMILY = "1,2";
				TEST_HOST = "$(BUILT_PRODUCTS_DIR)/SCHE.app/$(BUNDLE_EXECUTABLE_FOLDER_PATH)/SCHE";
			};
			name = Release;
		};
		F472DB4A2DCC8E5E002F5707 /* Debug */ = {
			isa = XCBuildConfiguration;
			buildSettings = {
				CODE_SIGN_STYLE = Automatic;
				CURRENT_PROJECT_VERSION = 1;
				GENERATE_INFOPLIST_FILE = YES;
				MARKETING_VERSION = 1.0;
				PRODUCT_BUNDLE_IDENTIFIER = com.SCHE.SCHEUITests;
				PRODUCT_NAME = "$(TARGET_NAME)";
				SWIFT_EMIT_LOC_STRINGS = NO;
				SWIFT_VERSION = 5.0;
				TARGETED_DEVICE_FAMILY = "1,2";
				TEST_TARGET_NAME = SCHE;
			};
			name = Debug;
		};
		F472DB4B2DCC8E5E002F5707 /* Release */ = {
			isa = XCBuildConfiguration;
			buildSettings = {
				CODE_SIGN_STYLE = Automatic;
				CURRENT_PROJECT_VERSION = 1;
				GENERATE_INFOPLIST_FILE = YES;
				MARKETING_VERSION = 1.0;
				PRODUCT_BUNDLE_IDENTIFIER = com.SCHE.SCHEUITests;
				PRODUCT_NAME = "$(TARGET_NAME)";
				SWIFT_EMIT_LOC_STRINGS = NO;
				SWIFT_VERSION = 5.0;
				TARGETED_DEVICE_FAMILY = "1,2";
				TEST_TARGET_NAME = SCHE;
			};
			name = Release;
		};
/* End XCBuildConfiguration section */

/* Begin XCConfigurationList section */
		F472DB1A2DCC8E5B002F5707 /* Build configuration list for PBXProject "SCHE" */ = {
			isa = XCConfigurationList;
			buildConfigurations = (
				F472DB412DCC8E5E002F5707 /* Debug */,
				F472DB422DCC8E5E002F5707 /* Release */,
			);
			defaultConfigurationIsVisible = 0;
			defaultConfigurationName = Release;
		};
		F472DB432DCC8E5E002F5707 /* Build configuration list for PBXNativeTarget "SCHE" */ = {
			isa = XCConfigurationList;
			buildConfigurations = (
				F472DB442DCC8E5E002F5707 /* Debug */,
				F472DB452DCC8E5E002F5707 /* Release */,
			);
			defaultConfigurationIsVisible = 0;
			defaultConfigurationName = Release;
		};
		F472DB462DCC8E5E002F5707 /* Build configuration list for PBXNativeTarget "SCHETests" */ = {
			isa = XCConfigurationList;
			buildConfigurations = (
				F472DB472DCC8E5E002F5707 /* Debug */,
				F472DB482DCC8E5E002F5707 /* Release */,
			);
			defaultConfigurationIsVisible = 0;
			defaultConfigurationName = Release;
		};
		F472DB492DCC8E5E002F5707 /* Build configuration list for PBXNativeTarget "SCHEUITests" */ = {
			isa = XCConfigurationList;
			buildConfigurations = (
				F472DB4A2DCC8E5E002F5707 /* Debug */,
				F472DB4B2DCC8E5E002F5707 /* Release */,
			);
			defaultConfigurationIsVisible = 0;
			defaultConfigurationName = Release;
		};
/* End XCConfigurationList section */

/* Begin XCRemoteSwiftPackageReference section */
		F472DB4C2DCC917F002F5707 /* XCRemoteSwiftPackageReference "firebase-ios-sdk" */ = {
			isa = XCRemoteSwiftPackageReference;
			repositoryURL = "https://github.com/firebase/firebase-ios-sdk";
			requirement = {
				kind = upToNextMajorVersion;
				minimumVersion = 11.12.0;
			};
		};
/* End XCRemoteSwiftPackageReference section */

/* Begin XCSwiftPackageProductDependency section */
		F472DB4D2DCC917F002F5707 /* FirebaseAuth */ = {
			isa = XCSwiftPackageProductDependency;
			package = F472DB4C2DCC917F002F5707 /* XCRemoteSwiftPackageReference "firebase-ios-sdk" */;
			productName = FirebaseAuth;
		};
		F472DB4F2DCC917F002F5707 /* FirebaseFirestore */ = {
			isa = XCSwiftPackageProductDependency;
			package = F472DB4C2DCC917F002F5707 /* XCRemoteSwiftPackageReference "firebase-ios-sdk" */;
			productName = FirebaseFirestore;
		};
		F472DB512DCC917F002F5707 /* FirebaseStorage */ = {
			isa = XCSwiftPackageProductDependency;
			package = F472DB4C2DCC917F002F5707 /* XCRemoteSwiftPackageReference "firebase-ios-sdk" */;
			productName = FirebaseStorage;
		};
		F472DB732DCC9ADE002F5707 /* FirebaseFirestoreCombine-Community */ = {
			isa = XCSwiftPackageProductDependency;
			package = F472DB4C2DCC917F002F5707 /* XCRemoteSwiftPackageReference "firebase-ios-sdk" */;
			productName = "FirebaseFirestoreCombine-Community";
		};
/* End XCSwiftPackageProductDependency section */
	};
	rootObject = F472DB172DCC8E5B002F5707 /* Project object */;
}
